// !$*UTF8*$!
{
	archiveVersion = 1;
	classes = {
	};
	objectVersion = 56;
	objects = {

/* Begin PBXBuildFile section */
		C25BA60C29A3BB7400467E36 /* MainTableViewCell.swift in Sources */ = {isa = PBXBuildFile; fileRef = C25BA60B29A3BB7400467E36 /* MainTableViewCell.swift */; };
		C29443CD29A4EF5F00113E3A /* ImageLoader.swift in Sources */ = {isa = PBXBuildFile; fileRef = C29443CC29A4EF5F00113E3A /* ImageLoader.swift */; };
		C29AE0A529A2332900BD04E9 /* BaseCoordinator.swift in Sources */ = {isa = PBXBuildFile; fileRef = C29AE0A429A2332900BD04E9 /* BaseCoordinator.swift */; };
		C2B66067299BDBA500BD47D4 /* AppDelegate.swift in Sources */ = {isa = PBXBuildFile; fileRef = C2B66066299BDBA500BD47D4 /* AppDelegate.swift */; };
		C2B6606B299BDBA500BD47D4 /* MainViewController.swift in Sources */ = {isa = PBXBuildFile; fileRef = C2B6606A299BDBA500BD47D4 /* MainViewController.swift */; };
		C2B66071299BDBA500BD47D4 /* SpaceX.xcdatamodeld in Sources */ = {isa = PBXBuildFile; fileRef = C2B6606F299BDBA500BD47D4 /* SpaceX.xcdatamodeld */; };
		C2B66073299BDBA600BD47D4 /* Assets.xcassets in Resources */ = {isa = PBXBuildFile; fileRef = C2B66072299BDBA600BD47D4 /* Assets.xcassets */; };
		C2B66076299BDBA600BD47D4 /* LaunchScreen.storyboard in Resources */ = {isa = PBXBuildFile; fileRef = C2B66074299BDBA600BD47D4 /* LaunchScreen.storyboard */; };
		C2B74C4C29ABAFFD002B597A /* DetailTableViewCell.swift in Sources */ = {isa = PBXBuildFile; fileRef = C2B74C4B29ABAFFD002B597A /* DetailTableViewCell.swift */; };
		C2CC2F6729A6294100B363C8 /* StatusLabel.swift in Sources */ = {isa = PBXBuildFile; fileRef = C2CC2F6629A6294100B363C8 /* StatusLabel.swift */; };
		C2E885C4299E1E0E00ED8E2B /* MainModel.swift in Sources */ = {isa = PBXBuildFile; fileRef = C2E885C3299E1E0E00ED8E2B /* MainModel.swift */; };
		C2E885C8299E3A1000ED8E2B /* ApiClient.swift in Sources */ = {isa = PBXBuildFile; fileRef = C2E885C7299E3A1000ED8E2B /* ApiClient.swift */; };
		C2F16947299D2F8B00ED0187 /* MainViewModel.swift in Sources */ = {isa = PBXBuildFile; fileRef = C2F16946299D2F8B00ED0187 /* MainViewModel.swift */; };
		C2F16949299D2FC900ED0187 /* DetailViewController.swift in Sources */ = {isa = PBXBuildFile; fileRef = C2F16948299D2FC900ED0187 /* DetailViewController.swift */; };
		C2F1694B299D2FDE00ED0187 /* DetailViewModel.swift in Sources */ = {isa = PBXBuildFile; fileRef = C2F1694A299D2FDE00ED0187 /* DetailViewModel.swift */; };
		C2F3701A29ACA28A00145DAE /* DateFormats.swift in Sources */ = {isa = PBXBuildFile; fileRef = C2F3701929ACA28A00145DAE /* DateFormats.swift */; };
		C2F3702229ACDA5300145DAE /* BaseView.swift in Sources */ = {isa = PBXBuildFile; fileRef = C2F3702129ACDA5300145DAE /* BaseView.swift */; };
		C2F3702629ACDEA300145DAE /* Strings.swift in Sources */ = {isa = PBXBuildFile; fileRef = C2F3702529ACDEA300145DAE /* Strings.swift */; };
		D99E95E0D5CF3DEDFC0217BB /* Pods_SpaceX.framework in Frameworks */ = {isa = PBXBuildFile; fileRef = DEA6B52B8CBA8800C9D605EF /* Pods_SpaceX.framework */; };
/* End PBXBuildFile section */

/* Begin PBXFileReference section */
		84D2D4CF616E93D89A9C2981 /* Pods-SpaceX.debug.xcconfig */ = {isa = PBXFileReference; includeInIndex = 1; lastKnownFileType = text.xcconfig; name = "Pods-SpaceX.debug.xcconfig"; path = "Target Support Files/Pods-SpaceX/Pods-SpaceX.debug.xcconfig"; sourceTree = "<group>"; };
		9DD171CD96F742E06BB564D2 /* Pods-SpaceX.release.xcconfig */ = {isa = PBXFileReference; includeInIndex = 1; lastKnownFileType = text.xcconfig; name = "Pods-SpaceX.release.xcconfig"; path = "Target Support Files/Pods-SpaceX/Pods-SpaceX.release.xcconfig"; sourceTree = "<group>"; };
		C25BA60B29A3BB7400467E36 /* MainTableViewCell.swift */ = {isa = PBXFileReference; lastKnownFileType = sourcecode.swift; path = MainTableViewCell.swift; sourceTree = "<group>"; };
		C29443CC29A4EF5F00113E3A /* ImageLoader.swift */ = {isa = PBXFileReference; lastKnownFileType = sourcecode.swift; path = ImageLoader.swift; sourceTree = "<group>"; };
		C29AE0A429A2332900BD04E9 /* BaseCoordinator.swift */ = {isa = PBXFileReference; lastKnownFileType = sourcecode.swift; path = BaseCoordinator.swift; sourceTree = "<group>"; };
		C2B66063299BDBA500BD47D4 /* SpaceX.app */ = {isa = PBXFileReference; explicitFileType = wrapper.application; includeInIndex = 0; path = SpaceX.app; sourceTree = BUILT_PRODUCTS_DIR; };
		C2B66066299BDBA500BD47D4 /* AppDelegate.swift */ = {isa = PBXFileReference; lastKnownFileType = sourcecode.swift; path = AppDelegate.swift; sourceTree = "<group>"; };
		C2B6606A299BDBA500BD47D4 /* MainViewController.swift */ = {isa = PBXFileReference; lastKnownFileType = sourcecode.swift; path = MainViewController.swift; sourceTree = "<group>"; };
		C2B66070299BDBA500BD47D4 /* SpaceX.xcdatamodel */ = {isa = PBXFileReference; lastKnownFileType = wrapper.xcdatamodel; path = SpaceX.xcdatamodel; sourceTree = "<group>"; };
		C2B66072299BDBA600BD47D4 /* Assets.xcassets */ = {isa = PBXFileReference; lastKnownFileType = folder.assetcatalog; path = Assets.xcassets; sourceTree = "<group>"; };
		C2B66075299BDBA600BD47D4 /* Base */ = {isa = PBXFileReference; lastKnownFileType = file.storyboard; name = Base; path = Base.lproj/LaunchScreen.storyboard; sourceTree = "<group>"; };
		C2B66077299BDBA600BD47D4 /* Info.plist */ = {isa = PBXFileReference; lastKnownFileType = text.plist.xml; path = Info.plist; sourceTree = "<group>"; };
		C2B74C4B29ABAFFD002B597A /* DetailTableViewCell.swift */ = {isa = PBXFileReference; lastKnownFileType = sourcecode.swift; path = DetailTableViewCell.swift; sourceTree = "<group>"; };
		C2CC2F6629A6294100B363C8 /* StatusLabel.swift */ = {isa = PBXFileReference; lastKnownFileType = sourcecode.swift; path = StatusLabel.swift; sourceTree = "<group>"; };
		C2E885C3299E1E0E00ED8E2B /* MainModel.swift */ = {isa = PBXFileReference; lastKnownFileType = sourcecode.swift; path = MainModel.swift; sourceTree = "<group>"; };
		C2E885C7299E3A1000ED8E2B /* ApiClient.swift */ = {isa = PBXFileReference; lastKnownFileType = sourcecode.swift; path = ApiClient.swift; sourceTree = "<group>"; };
		C2F16946299D2F8B00ED0187 /* MainViewModel.swift */ = {isa = PBXFileReference; lastKnownFileType = sourcecode.swift; path = MainViewModel.swift; sourceTree = "<group>"; };
		C2F16948299D2FC900ED0187 /* DetailViewController.swift */ = {isa = PBXFileReference; lastKnownFileType = sourcecode.swift; path = DetailViewController.swift; sourceTree = "<group>"; };
		C2F1694A299D2FDE00ED0187 /* DetailViewModel.swift */ = {isa = PBXFileReference; lastKnownFileType = sourcecode.swift; path = DetailViewModel.swift; sourceTree = "<group>"; };
		C2F3701929ACA28A00145DAE /* DateFormats.swift */ = {isa = PBXFileReference; lastKnownFileType = sourcecode.swift; path = DateFormats.swift; sourceTree = "<group>"; };
		C2F3702129ACDA5300145DAE /* BaseView.swift */ = {isa = PBXFileReference; lastKnownFileType = sourcecode.swift; path = BaseView.swift; sourceTree = "<group>"; };
		C2F3702529ACDEA300145DAE /* Strings.swift */ = {isa = PBXFileReference; lastKnownFileType = sourcecode.swift; path = Strings.swift; sourceTree = "<group>"; };
		DEA6B52B8CBA8800C9D605EF /* Pods_SpaceX.framework */ = {isa = PBXFileReference; explicitFileType = wrapper.framework; includeInIndex = 0; path = Pods_SpaceX.framework; sourceTree = BUILT_PRODUCTS_DIR; };
/* End PBXFileReference section */

/* Begin PBXFrameworksBuildPhase section */
		C2B66060299BDBA500BD47D4 /* Frameworks */ = {
			isa = PBXFrameworksBuildPhase;
			buildActionMask = 2147483647;
			files = (
				D99E95E0D5CF3DEDFC0217BB /* Pods_SpaceX.framework in Frameworks */,
			);
			runOnlyForDeploymentPostprocessing = 0;
		};
/* End PBXFrameworksBuildPhase section */

/* Begin PBXGroup section */
		2D45273BA494E08BF70F1406 /* Pods */ = {
			isa = PBXGroup;
			children = (
				84D2D4CF616E93D89A9C2981 /* Pods-SpaceX.debug.xcconfig */,
				9DD171CD96F742E06BB564D2 /* Pods-SpaceX.release.xcconfig */,
			);
			path = Pods;
			sourceTree = "<group>";
		};
		42FC4390287E3FBD610180F5 /* Frameworks */ = {
			isa = PBXGroup;
			children = (
				DEA6B52B8CBA8800C9D605EF /* Pods_SpaceX.framework */,
			);
			name = Frameworks;
			sourceTree = "<group>";
		};
		C25BA60A29A3BB5700467E36 /* Cell */ = {
			isa = PBXGroup;
			children = (
				C25BA60B29A3BB7400467E36 /* MainTableViewCell.swift */,
			);
			path = Cell;
			sourceTree = "<group>";
		};
		C29AE0A329A230B100BD04E9 /* Coordinators */ = {
			isa = PBXGroup;
			children = (
				C29AE0A429A2332900BD04E9 /* BaseCoordinator.swift */,
			);
			path = Coordinators;
			sourceTree = "<group>";
		};
		C2B6605A299BDBA500BD47D4 = {
			isa = PBXGroup;
			children = (
				C2B66065299BDBA500BD47D4 /* SpaceX */,
				C2B66064299BDBA500BD47D4 /* Products */,
				2D45273BA494E08BF70F1406 /* Pods */,
				42FC4390287E3FBD610180F5 /* Frameworks */,
			);
			sourceTree = "<group>";
		};
		C2B66064299BDBA500BD47D4 /* Products */ = {
			isa = PBXGroup;
			children = (
				C2B66063299BDBA500BD47D4 /* SpaceX.app */,
			);
			name = Products;
			sourceTree = "<group>";
		};
		C2B66065299BDBA500BD47D4 /* SpaceX */ = {
			isa = PBXGroup;
			children = (
				C2F16940299D2E2100ED0187 /* Src */,
				C2B66074299BDBA600BD47D4 /* LaunchScreen.storyboard */,
				C2B66077299BDBA600BD47D4 /* Info.plist */,
				C2B6606F299BDBA500BD47D4 /* SpaceX.xcdatamodeld */,
			);
			path = SpaceX;
			sourceTree = "<group>";
		};
		C2B74C4A29ABAFD4002B597A /* Cell */ = {
			isa = PBXGroup;
			children = (
				C2B74C4B29ABAFFD002B597A /* DetailTableViewCell.swift */,
			);
			path = Cell;
			sourceTree = "<group>";
		};
		C2CC2F6329A628CE00B363C8 /* ViewExtensoins */ = {
			isa = PBXGroup;
			children = (
				C2CC2F6629A6294100B363C8 /* StatusLabel.swift */,
				C2F3701929ACA28A00145DAE /* DateFormats.swift */,
				C2F3702129ACDA5300145DAE /* BaseView.swift */,
			);
			path = ViewExtensoins;
			sourceTree = "<group>";
		};
		C2F16940299D2E2100ED0187 /* Src */ = {
			isa = PBXGroup;
			children = (
				C2F16941299D2E2A00ED0187 /* Scenes */,
				C2F1694C299D300A00ED0187 /* Models */,
				C2F16942299D2E3100ED0187 /* Resources */,
				C2F16945299D2F1800ED0187 /* Services */,
				C2B66066299BDBA500BD47D4 /* AppDelegate.swift */,
			);
			path = Src;
			sourceTree = "<group>";
		};
		C2F16941299D2E2A00ED0187 /* Scenes */ = {
			isa = PBXGroup;
			children = (
				C2CC2F6329A628CE00B363C8 /* ViewExtensoins */,
				C29AE0A329A230B100BD04E9 /* Coordinators */,
				C2F16943299D2E9E00ED0187 /* MainScene */,
				C2F16944299D2EA700ED0187 /* DetailScene */,
			);
			path = Scenes;
			sourceTree = "<group>";
		};
		C2F16942299D2E3100ED0187 /* Resources */ = {
			isa = PBXGroup;
			children = (
				C2B66072299BDBA600BD47D4 /* Assets.xcassets */,
				C2F3702529ACDEA300145DAE /* Strings.swift */,
			);
			path = Resources;
			sourceTree = "<group>";
		};
		C2F16943299D2E9E00ED0187 /* MainScene */ = {
			isa = PBXGroup;
			children = (
				C25BA60A29A3BB5700467E36 /* Cell */,
				C2B6606A299BDBA500BD47D4 /* MainViewController.swift */,
				C2F16946299D2F8B00ED0187 /* MainViewModel.swift */,
			);
			path = MainScene;
			sourceTree = "<group>";
		};
		C2F16944299D2EA700ED0187 /* DetailScene */ = {
			isa = PBXGroup;
			children = (
				C2B74C4A29ABAFD4002B597A /* Cell */,
				C2F16948299D2FC900ED0187 /* DetailViewController.swift */,
				C2F1694A299D2FDE00ED0187 /* DetailViewModel.swift */,
			);
			path = DetailScene;
			sourceTree = "<group>";
		};
		C2F16945299D2F1800ED0187 /* Services */ = {
			isa = PBXGroup;
			children = (
				C2E885C7299E3A1000ED8E2B /* ApiClient.swift */,
				C29443CC29A4EF5F00113E3A /* ImageLoader.swift */,
			);
			path = Services;
			sourceTree = "<group>";
		};
		C2F1694C299D300A00ED0187 /* Models */ = {
			isa = PBXGroup;
			children = (
				C2E885C3299E1E0E00ED8E2B /* MainModel.swift */,
			);
			path = Models;
			sourceTree = "<group>";
		};
/* End PBXGroup section */

/* Begin PBXNativeTarget section */
		C2B66062299BDBA500BD47D4 /* SpaceX */ = {
			isa = PBXNativeTarget;
			buildConfigurationList = C2B6607A299BDBA600BD47D4 /* Build configuration list for PBXNativeTarget "SpaceX" */;
			buildPhases = (
				28B45B5ABE80449E45F2E565 /* [CP] Check Pods Manifest.lock */,
				C2B6605F299BDBA500BD47D4 /* Sources */,
				C2B66060299BDBA500BD47D4 /* Frameworks */,
				C2B66061299BDBA500BD47D4 /* Resources */,
				F2DC2702F667FF21443B415B /* [CP] Embed Pods Frameworks */,
			);
			buildRules = (
			);
			dependencies = (
			);
			name = SpaceX;
			productName = SpaceX;
			productReference = C2B66063299BDBA500BD47D4 /* SpaceX.app */;
			productType = "com.apple.product-type.application";
		};
/* End PBXNativeTarget section */

/* Begin PBXProject section */
		C2B6605B299BDBA500BD47D4 /* Project object */ = {
			isa = PBXProject;
			attributes = {
				BuildIndependentTargetsInParallel = 1;
				LastSwiftUpdateCheck = 1410;
				LastUpgradeCheck = 1410;
				TargetAttributes = {
					C2B66062299BDBA500BD47D4 = {
						CreatedOnToolsVersion = 14.1;
					};
				};
			};
			buildConfigurationList = C2B6605E299BDBA500BD47D4 /* Build configuration list for PBXProject "SpaceX" */;
			compatibilityVersion = "Xcode 14.0";
			developmentRegion = en;
			hasScannedForEncodings = 0;
			knownRegions = (
				en,
				Base,
			);
			mainGroup = C2B6605A299BDBA500BD47D4;
			productRefGroup = C2B66064299BDBA500BD47D4 /* Products */;
			projectDirPath = "";
			projectRoot = "";
			targets = (
				C2B66062299BDBA500BD47D4 /* SpaceX */,
			);
		};
/* End PBXProject section */

/* Begin PBXResourcesBuildPhase section */
		C2B66061299BDBA500BD47D4 /* Resources */ = {
			isa = PBXResourcesBuildPhase;
			buildActionMask = 2147483647;
			files = (
				C2B66076299BDBA600BD47D4 /* LaunchScreen.storyboard in Resources */,
				C2B66073299BDBA600BD47D4 /* Assets.xcassets in Resources */,
			);
			runOnlyForDeploymentPostprocessing = 0;
		};
/* End PBXResourcesBuildPhase section */

/* Begin PBXShellScriptBuildPhase section */
		28B45B5ABE80449E45F2E565 /* [CP] Check Pods Manifest.lock */ = {
			isa = PBXShellScriptBuildPhase;
			buildActionMask = 2147483647;
			files = (
			);
			inputFileListPaths = (
			);
			inputPaths = (
				"${PODS_PODFILE_DIR_PATH}/Podfile.lock",
				"${PODS_ROOT}/Manifest.lock",
			);
			name = "[CP] Check Pods Manifest.lock";
			outputFileListPaths = (
			);
			outputPaths = (
				"$(DERIVED_FILE_DIR)/Pods-SpaceX-checkManifestLockResult.txt",
			);
			runOnlyForDeploymentPostprocessing = 0;
			shellPath = /bin/sh;
			shellScript = "diff \"${PODS_PODFILE_DIR_PATH}/Podfile.lock\" \"${PODS_ROOT}/Manifest.lock\" > /dev/null\nif [ $? != 0 ] ; then\n    # print error to STDERR\n    echo \"error: The sandbox is not in sync with the Podfile.lock. Run 'pod install' or update your CocoaPods installation.\" >&2\n    exit 1\nfi\n# This output is used by Xcode 'outputs' to avoid re-running this script phase.\necho \"SUCCESS\" > \"${SCRIPT_OUTPUT_FILE_0}\"\n";
			showEnvVarsInLog = 0;
		};
		F2DC2702F667FF21443B415B /* [CP] Embed Pods Frameworks */ = {
			isa = PBXShellScriptBuildPhase;
			buildActionMask = 2147483647;
			files = (
			);
			inputFileListPaths = (
				"${PODS_ROOT}/Target Support Files/Pods-SpaceX/Pods-SpaceX-frameworks-${CONFIGURATION}-input-files.xcfilelist",
			);
			name = "[CP] Embed Pods Frameworks";
			outputFileListPaths = (
				"${PODS_ROOT}/Target Support Files/Pods-SpaceX/Pods-SpaceX-frameworks-${CONFIGURATION}-output-files.xcfilelist",
			);
			runOnlyForDeploymentPostprocessing = 0;
			shellPath = /bin/sh;
			shellScript = "\"${PODS_ROOT}/Target Support Files/Pods-SpaceX/Pods-SpaceX-frameworks.sh\"\n";
			showEnvVarsInLog = 0;
		};
/* End PBXShellScriptBuildPhase section */

/* Begin PBXSourcesBuildPhase section */
		C2B6605F299BDBA500BD47D4 /* Sources */ = {
			isa = PBXSourcesBuildPhase;
			buildActionMask = 2147483647;
			files = (
				C25BA60C29A3BB7400467E36 /* MainTableViewCell.swift in Sources */,
				C2E885C4299E1E0E00ED8E2B /* MainModel.swift in Sources */,
				C2F3702629ACDEA300145DAE /* Strings.swift in Sources */,
				C29443CD29A4EF5F00113E3A /* ImageLoader.swift in Sources */,
				C2B74C4C29ABAFFD002B597A /* DetailTableViewCell.swift in Sources */,
				C2F16947299D2F8B00ED0187 /* MainViewModel.swift in Sources */,
				C2B6606B299BDBA500BD47D4 /* MainViewController.swift in Sources */,
				C2F1694B299D2FDE00ED0187 /* DetailViewModel.swift in Sources */,
				C2B66067299BDBA500BD47D4 /* AppDelegate.swift in Sources */,
				C2F16949299D2FC900ED0187 /* DetailViewController.swift in Sources */,
				C2B66071299BDBA500BD47D4 /* SpaceX.xcdatamodeld in Sources */,
				C29AE0A529A2332900BD04E9 /* BaseCoordinator.swift in Sources */,
				C2CC2F6729A6294100B363C8 /* StatusLabel.swift in Sources */,
				C2F3702229ACDA5300145DAE /* BaseView.swift in Sources */,
				C2F3701A29ACA28A00145DAE /* DateFormats.swift in Sources */,
				C2E885C8299E3A1000ED8E2B /* ApiClient.swift in Sources */,
			);
			runOnlyForDeploymentPostprocessing = 0;
		};
/* End PBXSourcesBuildPhase section */

/* Begin PBXVariantGroup section */
		C2B66074299BDBA600BD47D4 /* LaunchScreen.storyboard */ = {
			isa = PBXVariantGroup;
			children = (
				C2B66075299BDBA600BD47D4 /* Base */,
			);
			name = LaunchScreen.storyboard;
			sourceTree = "<group>";
		};
/* End PBXVariantGroup section */

/* Begin XCBuildConfiguration section */
		C2B66078299BDBA600BD47D4 /* Debug */ = {
			isa = XCBuildConfiguration;
			buildSettings = {
				ALWAYS_SEARCH_USER_PATHS = NO;
				CLANG_ANALYZER_NONNULL = YES;
				CLANG_ANALYZER_NUMBER_OBJECT_CONVERSION = YES_AGGRESSIVE;
				CLANG_CXX_LANGUAGE_STANDARD = "gnu++20";
				CLANG_ENABLE_MODULES = YES;
				CLANG_ENABLE_OBJC_ARC = YES;
				CLANG_ENABLE_OBJC_WEAK = YES;
				CLANG_WARN_BLOCK_CAPTURE_AUTORELEASING = YES;
				CLANG_WARN_BOOL_CONVERSION = YES;
				CLANG_WARN_COMMA = YES;
				CLANG_WARN_CONSTANT_CONVERSION = YES;
				CLANG_WARN_DEPRECATED_OBJC_IMPLEMENTATIONS = YES;
				CLANG_WARN_DIRECT_OBJC_ISA_USAGE = YES_ERROR;
				CLANG_WARN_DOCUMENTATION_COMMENTS = YES;
				CLANG_WARN_EMPTY_BODY = YES;
				CLANG_WARN_ENUM_CONVERSION = YES;
				CLANG_WARN_INFINITE_RECURSION = YES;
				CLANG_WARN_INT_CONVERSION = YES;
				CLANG_WARN_NON_LITERAL_NULL_CONVERSION = YES;
				CLANG_WARN_OBJC_IMPLICIT_RETAIN_SELF = YES;
				CLANG_WARN_OBJC_LITERAL_CONVERSION = YES;
				CLANG_WARN_OBJC_ROOT_CLASS = YES_ERROR;
				CLANG_WARN_QUOTED_INCLUDE_IN_FRAMEWORK_HEADER = YES;
				CLANG_WARN_RANGE_LOOP_ANALYSIS = YES;
				CLANG_WARN_STRICT_PROTOTYPES = YES;
				CLANG_WARN_SUSPICIOUS_MOVE = YES;
				CLANG_WARN_UNGUARDED_AVAILABILITY = YES_AGGRESSIVE;
				CLANG_WARN_UNREACHABLE_CODE = YES;
				CLANG_WARN__DUPLICATE_METHOD_MATCH = YES;
				COPY_PHASE_STRIP = NO;
				DEBUG_INFORMATION_FORMAT = dwarf;
				ENABLE_STRICT_OBJC_MSGSEND = YES;
				ENABLE_TESTABILITY = YES;
				GCC_C_LANGUAGE_STANDARD = gnu11;
				GCC_DYNAMIC_NO_PIC = NO;
				GCC_NO_COMMON_BLOCKS = YES;
				GCC_OPTIMIZATION_LEVEL = 0;
				GCC_PREPROCESSOR_DEFINITIONS = (
					"DEBUG=1",
					"$(inherited)",
				);
				GCC_WARN_64_TO_32_BIT_CONVERSION = YES;
				GCC_WARN_ABOUT_RETURN_TYPE = YES_ERROR;
				GCC_WARN_UNDECLARED_SELECTOR = YES;
				GCC_WARN_UNINITIALIZED_AUTOS = YES_AGGRESSIVE;
				GCC_WARN_UNUSED_FUNCTION = YES;
				GCC_WARN_UNUSED_VARIABLE = YES;
				IPHONEOS_DEPLOYMENT_TARGET = 12.0;
				MTL_ENABLE_DEBUG_INFO = INCLUDE_SOURCE;
				MTL_FAST_MATH = YES;
				ONLY_ACTIVE_ARCH = YES;
				SDKROOT = iphoneos;
				SWIFT_ACTIVE_COMPILATION_CONDITIONS = DEBUG;
				SWIFT_OPTIMIZATION_LEVEL = "-Onone";
			};
			name = Debug;
		};
		C2B66079299BDBA600BD47D4 /* Release */ = {
			isa = XCBuildConfiguration;
			buildSettings = {
				ALWAYS_SEARCH_USER_PATHS = NO;
				CLANG_ANALYZER_NONNULL = YES;
				CLANG_ANALYZER_NUMBER_OBJECT_CONVERSION = YES_AGGRESSIVE;
				CLANG_CXX_LANGUAGE_STANDARD = "gnu++20";
				CLANG_ENABLE_MODULES = YES;
				CLANG_ENABLE_OBJC_ARC = YES;
				CLANG_ENABLE_OBJC_WEAK = YES;
				CLANG_WARN_BLOCK_CAPTURE_AUTORELEASING = YES;
				CLANG_WARN_BOOL_CONVERSION = YES;
				CLANG_WARN_COMMA = YES;
				CLANG_WARN_CONSTANT_CONVERSION = YES;
				CLANG_WARN_DEPRECATED_OBJC_IMPLEMENTATIONS = YES;
				CLANG_WARN_DIRECT_OBJC_ISA_USAGE = YES_ERROR;
				CLANG_WARN_DOCUMENTATION_COMMENTS = YES;
				CLANG_WARN_EMPTY_BODY = YES;
				CLANG_WARN_ENUM_CONVERSION = YES;
				CLANG_WARN_INFINITE_RECURSION = YES;
				CLANG_WARN_INT_CONVERSION = YES;
				CLANG_WARN_NON_LITERAL_NULL_CONVERSION = YES;
				CLANG_WARN_OBJC_IMPLICIT_RETAIN_SELF = YES;
				CLANG_WARN_OBJC_LITERAL_CONVERSION = YES;
				CLANG_WARN_OBJC_ROOT_CLASS = YES_ERROR;
				CLANG_WARN_QUOTED_INCLUDE_IN_FRAMEWORK_HEADER = YES;
				CLANG_WARN_RANGE_LOOP_ANALYSIS = YES;
				CLANG_WARN_STRICT_PROTOTYPES = YES;
				CLANG_WARN_SUSPICIOUS_MOVE = YES;
				CLANG_WARN_UNGUARDED_AVAILABILITY = YES_AGGRESSIVE;
				CLANG_WARN_UNREACHABLE_CODE = YES;
				CLANG_WARN__DUPLICATE_METHOD_MATCH = YES;
				COPY_PHASE_STRIP = NO;
				DEBUG_INFORMATION_FORMAT = "dwarf-with-dsym";
				ENABLE_NS_ASSERTIONS = NO;
				ENABLE_STRICT_OBJC_MSGSEND = YES;
				GCC_C_LANGUAGE_STANDARD = gnu11;
				GCC_NO_COMMON_BLOCKS = YES;
				GCC_WARN_64_TO_32_BIT_CONVERSION = YES;
				GCC_WARN_ABOUT_RETURN_TYPE = YES_ERROR;
				GCC_WARN_UNDECLARED_SELECTOR = YES;
				GCC_WARN_UNINITIALIZED_AUTOS = YES_AGGRESSIVE;
				GCC_WARN_UNUSED_FUNCTION = YES;
				GCC_WARN_UNUSED_VARIABLE = YES;
				IPHONEOS_DEPLOYMENT_TARGET = 12.0;
				MTL_ENABLE_DEBUG_INFO = NO;
				MTL_FAST_MATH = YES;
				SDKROOT = iphoneos;
				SWIFT_COMPILATION_MODE = wholemodule;
				SWIFT_OPTIMIZATION_LEVEL = "-O";
				VALIDATE_PRODUCT = YES;
			};
			name = Release;
		};
		C2B6607B299BDBA600BD47D4 /* Debug */ = {
			isa = XCBuildConfiguration;
			baseConfigurationReference = 84D2D4CF616E93D89A9C2981 /* Pods-SpaceX.debug.xcconfig */;
			buildSettings = {
				ASSETCATALOG_COMPILER_APPICON_NAME = AppIcon;
				ASSETCATALOG_COMPILER_GLOBAL_ACCENT_COLOR_NAME = AccentColor;
				CODE_SIGN_STYLE = Automatic;
				CURRENT_PROJECT_VERSION = 1;
				DEVELOPMENT_TEAM = HX5B5J7WYA;
				GENERATE_INFOPLIST_FILE = YES;
				INFOPLIST_FILE = SpaceX/Info.plist;
				INFOPLIST_KEY_UIApplicationSupportsIndirectInputEvents = YES;
				INFOPLIST_KEY_UILaunchStoryboardName = LaunchScreen;
				INFOPLIST_KEY_UISupportedInterfaceOrientations = UIInterfaceOrientationPortrait;
				IPHONEOS_DEPLOYMENT_TARGET = 12.0;
				LD_RUNPATH_SEARCH_PATHS = (
					"$(inherited)",
					"@executable_path/Frameworks",
				);
				MARKETING_VERSION = 1.0;
				PRODUCT_BUNDLE_IDENTIFIER = GAS.SpaceX;
				PRODUCT_NAME = "$(TARGET_NAME)";
				SWIFT_EMIT_LOC_STRINGS = YES;
				SWIFT_VERSION = 5.0;
				TARGETED_DEVICE_FAMILY = "1,2";
			};
			name = Debug;
		};
		C2B6607C299BDBA600BD47D4 /* Release */ = {
			isa = XCBuildConfiguration;
			baseConfigurationReference = 9DD171CD96F742E06BB564D2 /* Pods-SpaceX.release.xcconfig */;
			buildSettings = {
				ASSETCATALOG_COMPILER_APPICON_NAME = AppIcon;
				ASSETCATALOG_COMPILER_GLOBAL_ACCENT_COLOR_NAME = AccentColor;
				CODE_SIGN_STYLE = Automatic;
				CURRENT_PROJECT_VERSION = 1;
				DEVELOPMENT_TEAM = HX5B5J7WYA;
				GENERATE_INFOPLIST_FILE = YES;
				INFOPLIST_FILE = SpaceX/Info.plist;
				INFOPLIST_KEY_UIApplicationSupportsIndirectInputEvents = YES;
				INFOPLIST_KEY_UILaunchStoryboardName = LaunchScreen;
				INFOPLIST_KEY_UISupportedInterfaceOrientations = UIInterfaceOrientationPortrait;
				IPHONEOS_DEPLOYMENT_TARGET = 12.0;
				LD_RUNPATH_SEARCH_PATHS = (
					"$(inherited)",
					"@executable_path/Frameworks",
				);
				MARKETING_VERSION = 1.0;
				PRODUCT_BUNDLE_IDENTIFIER = GAS.SpaceX;
				PRODUCT_NAME = "$(TARGET_NAME)";
				SWIFT_EMIT_LOC_STRINGS = YES;
				SWIFT_VERSION = 5.0;
				TARGETED_DEVICE_FAMILY = "1,2";
			};
			name = Release;
		};
/* End XCBuildConfiguration section */

/* Begin XCConfigurationList section */
		C2B6605E299BDBA500BD47D4 /* Build configuration list for PBXProject "SpaceX" */ = {
			isa = XCConfigurationList;
			buildConfigurations = (
				C2B66078299BDBA600BD47D4 /* Debug */,
				C2B66079299BDBA600BD47D4 /* Release */,
			);
			defaultConfigurationIsVisible = 0;
			defaultConfigurationName = Release;
		};
		C2B6607A299BDBA600BD47D4 /* Build configuration list for PBXNativeTarget "SpaceX" */ = {
			isa = XCConfigurationList;
			buildConfigurations = (
				C2B6607B299BDBA600BD47D4 /* Debug */,
				C2B6607C299BDBA600BD47D4 /* Release */,
			);
			defaultConfigurationIsVisible = 0;
			defaultConfigurationName = Release;
		};
/* End XCConfigurationList section */

/* Begin XCVersionGroup section */
		C2B6606F299BDBA500BD47D4 /* SpaceX.xcdatamodeld */ = {
			isa = XCVersionGroup;
			children = (
				C2B66070299BDBA500BD47D4 /* SpaceX.xcdatamodel */,
			);
			currentVersion = C2B66070299BDBA500BD47D4 /* SpaceX.xcdatamodel */;
			path = SpaceX.xcdatamodeld;
			sourceTree = "<group>";
			versionGroupType = wrapper.xcdatamodel;
		};
/* End XCVersionGroup section */
	};
	rootObject = C2B6605B299BDBA500BD47D4 /* Project object */;
}
